
Microsoft Visual Studio Solution File, Format Version 12.00
# Visual Studio Version 17
VisualStudioVersion = 17.0.32112.339
MinimumVisualStudioVersion = 10.0.40219.1
Project("{FAE04EC0-301F-11D3-BF4B-00C04F79EFBC}") = "Hospital Appointment", "Hospital Appointment\Hospital Appointment.csproj", "{B47080CB-339F-4C90-8B64-36073E091C1B}"
EndProject
Global
	GlobalSection(SolutionConfigurationPlatforms) = preSolution
		Debug|Any CPU = Debug|Any CPU
		Release|Any CPU = Release|Any CPU
	EndGlobalSection
	GlobalSection(ProjectConfigurationPlatforms) = postSolution
		{B47080CB-339F-4C90-8B64-36073E091C1B}.Debug|Any CPU.ActiveCfg = Debug|Any CPU
		{B47080CB-339F-4C90-8B64-36073E091C1B}.Debug|Any CPU.Build.0 = Debug|Any CPU
		{B47080CB-339F-4C90-8B64-36073E091C1B}.Release|Any CPU.ActiveCfg = Release|Any CPU
		{B47080CB-339F-4C90-8B64-36073E091C1B}.Release|Any CPU.Build.0 = Release|Any CPU
	EndGlobalSection
	GlobalSection(SolutionProperties) = preSolution
		HideSolutionNode = FALSE
	EndGlobalSection
	GlobalSection(ExtensibilityGlobals) = postSolution
		SolutionGuid = {21CFF2F6-5B29-42A8-9473-4AFDD11C772E}
	EndGlobalSection
EndGlobal
